
Microsoft Visual Studio Solution File, Format Version 12.00
# Visual Studio 2013
VisualStudioVersion = 12.0.30723.0
MinimumVisualStudioVersion = 10.0.40219.1
Project("{FAE04EC0-301F-11D3-BF4B-00C04F79EFBC}") = "63 Partial Methods", "63 Partial Methods\63 Partial Methods.csproj", "{A88AC541-D8D3-4A22-BFF9-ED77DFF4D80D}"
EndProject
Global
	GlobalSection(SolutionConfigurationPlatforms) = preSolution
		Debug|Any CPU = Debug|Any CPU
		Release|Any CPU = Release|Any CPU
	EndGlobalSection
	GlobalSection(ProjectConfigurationPlatforms) = postSolution
		{A88AC541-D8D3-4A22-BFF9-ED77DFF4D80D}.Debug|Any CPU.ActiveCfg = Debug|Any CPU
		{A88AC541-D8D3-4A22-BFF9-ED77DFF4D80D}.Debug|Any CPU.Build.0 = Debug|Any CPU
		{A88AC541-D8D3-4A22-BFF9-ED77DFF4D80D}.Release|Any CPU.ActiveCfg = Release|Any CPU
		{A88AC541-D8D3-4A22-BFF9-ED77DFF4D80D}.Release|Any CPU.Build.0 = Release|Any CPU
	EndGlobalSection
	GlobalSection(SolutionProperties) = preSolution
		HideSolutionNode = FALSE
	EndGlobalSection
EndGlobal
