
Microsoft Visual Studio Solution File, Format Version 12.00
# Visual Studio 2013
VisualStudioVersion = 12.0.30723.0
MinimumVisualStudioVersion = 10.0.40219.1
Project("{FAE04EC0-301F-11D3-BF4B-00C04F79EFBC}") = "73 What is dictonary", "73 What is dictonary\73 What is dictonary.csproj", "{828B7331-5B3A-4CB6-AF82-F8B4975F3A21}"
EndProject
Global
	GlobalSection(SolutionConfigurationPlatforms) = preSolution
		Debug|Any CPU = Debug|Any CPU
		Release|Any CPU = Release|Any CPU
	EndGlobalSection
	GlobalSection(ProjectConfigurationPlatforms) = postSolution
		{828B7331-5B3A-4CB6-AF82-F8B4975F3A21}.Debug|Any CPU.ActiveCfg = Debug|Any CPU
		{828B7331-5B3A-4CB6-AF82-F8B4975F3A21}.Debug|Any CPU.Build.0 = Debug|Any CPU
		{828B7331-5B3A-4CB6-AF82-F8B4975F3A21}.Release|Any CPU.ActiveCfg = Release|Any CPU
		{828B7331-5B3A-4CB6-AF82-F8B4975F3A21}.Release|Any CPU.Build.0 = Release|Any CPU
	EndGlobalSection
	GlobalSection(SolutionProperties) = preSolution
		HideSolutionNode = FALSE
	EndGlobalSection
EndGlobal
