
Microsoft Visual Studio Solution File, Format Version 12.00
# Visual Studio 2013
VisualStudioVersion = 12.0.30723.0
MinimumVisualStudioVersion = 10.0.40219.1
Project("{FAE04EC0-301F-11D3-BF4B-00C04F79EFBC}") = "Access Modifiers 2", "Access Modifiers 2\Access Modifiers 2.csproj", "{9EDD47CB-4EB7-4EE2-8040-A21FA5FFDF0C}"
EndProject
Project("{FAE04EC0-301F-11D3-BF4B-00C04F79EFBC}") = "AssemblyOne", "AssemblyOne\AssemblyOne.csproj", "{3220169A-F627-4170-BD50-E473975F5B05}"
EndProject
Project("{FAE04EC0-301F-11D3-BF4B-00C04F79EFBC}") = "AssemblyTwo", "AssemblyTwo\AssemblyTwo.csproj", "{AA7BF14B-1F19-4546-B60A-EFA892BC66EF}"
EndProject
Global
	GlobalSection(SolutionConfigurationPlatforms) = preSolution
		Debug|Any CPU = Debug|Any CPU
		Release|Any CPU = Release|Any CPU
	EndGlobalSection
	GlobalSection(ProjectConfigurationPlatforms) = postSolution
		{9EDD47CB-4EB7-4EE2-8040-A21FA5FFDF0C}.Debug|Any CPU.ActiveCfg = Debug|Any CPU
		{9EDD47CB-4EB7-4EE2-8040-A21FA5FFDF0C}.Debug|Any CPU.Build.0 = Debug|Any CPU
		{9EDD47CB-4EB7-4EE2-8040-A21FA5FFDF0C}.Release|Any CPU.ActiveCfg = Release|Any CPU
		{9EDD47CB-4EB7-4EE2-8040-A21FA5FFDF0C}.Release|Any CPU.Build.0 = Release|Any CPU
		{3220169A-F627-4170-BD50-E473975F5B05}.Debug|Any CPU.ActiveCfg = Debug|Any CPU
		{3220169A-F627-4170-BD50-E473975F5B05}.Debug|Any CPU.Build.0 = Debug|Any CPU
		{3220169A-F627-4170-BD50-E473975F5B05}.Release|Any CPU.ActiveCfg = Release|Any CPU
		{3220169A-F627-4170-BD50-E473975F5B05}.Release|Any CPU.Build.0 = Release|Any CPU
		{AA7BF14B-1F19-4546-B60A-EFA892BC66EF}.Debug|Any CPU.ActiveCfg = Debug|Any CPU
		{AA7BF14B-1F19-4546-B60A-EFA892BC66EF}.Debug|Any CPU.Build.0 = Debug|Any CPU
		{AA7BF14B-1F19-4546-B60A-EFA892BC66EF}.Release|Any CPU.ActiveCfg = Release|Any CPU
		{AA7BF14B-1F19-4546-B60A-EFA892BC66EF}.Release|Any CPU.Build.0 = Release|Any CPU
	EndGlobalSection
	GlobalSection(SolutionProperties) = preSolution
		HideSolutionNode = FALSE
	EndGlobalSection
EndGlobal
