
Microsoft Visual Studio Solution File, Format Version 12.00
# Visual Studio 2013
VisualStudioVersion = 12.0.30723.0
MinimumVisualStudioVersion = 10.0.40219.1
Project("{FAE04EC0-301F-11D3-BF4B-00C04F79EFBC}") = "Do While Loop", "Do While Loop\Do While Loop.csproj", "{71298A56-0154-4D9D-881C-7C935A3D7FBF}"
EndProject
Global
	GlobalSection(SolutionConfigurationPlatforms) = preSolution
		Debug|Any CPU = Debug|Any CPU
		Release|Any CPU = Release|Any CPU
	EndGlobalSection
	GlobalSection(ProjectConfigurationPlatforms) = postSolution
		{71298A56-0154-4D9D-881C-7C935A3D7FBF}.Debug|Any CPU.ActiveCfg = Debug|Any CPU
		{71298A56-0154-4D9D-881C-7C935A3D7FBF}.Debug|Any CPU.Build.0 = Debug|Any CPU
		{71298A56-0154-4D9D-881C-7C935A3D7FBF}.Release|Any CPU.ActiveCfg = Release|Any CPU
		{71298A56-0154-4D9D-881C-7C935A3D7FBF}.Release|Any CPU.Build.0 = Release|Any CPU
	EndGlobalSection
	GlobalSection(SolutionProperties) = preSolution
		HideSolutionNode = FALSE
	EndGlobalSection
EndGlobal
